
Microsoft Visual Studio Solution File, Format Version 12.00
# Visual Studio Version 16
VisualStudioVersion = 16.0.31019.35
MinimumVisualStudioVersion = 10.0.40219.1
Project("{888888A0-9F3D-457C-B088-3A5042F75D52}") = "PersonalitySystem", "PersonalitySystem\PersonalitySystem.pyproj", "{EB9E69FD-F94B-4029-AE26-AC8EED11EE71}"
EndProject
Global
	GlobalSection(SolutionConfigurationPlatforms) = preSolution
		Debug|Any CPU = Debug|Any CPU
		Release|Any CPU = Release|Any CPU
	EndGlobalSection
	GlobalSection(ProjectConfigurationPlatforms) = postSolution
		{EB9E69FD-F94B-4029-AE26-AC8EED11EE71}.Debug|Any CPU.ActiveCfg = Debug|Any CPU
		{EB9E69FD-F94B-4029-AE26-AC8EED11EE71}.Release|Any CPU.ActiveCfg = Release|Any CPU
	EndGlobalSection
	GlobalSection(SolutionProperties) = preSolution
		HideSolutionNode = FALSE
	EndGlobalSection
	GlobalSection(ExtensibilityGlobals) = postSolution
		SolutionGuid = {865B7E73-DA76-4635-AB8E-1F9F71CBAA1A}
	EndGlobalSection
EndGlobal
